
Microsoft Visual Studio Solution File, Format Version 12.00
# Visual Studio Version 16
VisualStudioVersion = 16.0.29911.84
MinimumVisualStudioVersion = 10.0.40219.1
Project("{2150E333-8FDC-42A3-9474-1A3956D46DE8}") = "src", "src", "{9CD31609-080F-48B8-A3E3-C03C66A8FB5C}"
EndProject
Project("{9A19103F-16F7-4668-BE54-9A1E7A4F7556}") = "SME.AE.Api", "src\SME.AE.Api\SME.AE.Api.csproj", "{E58A2DDB-4456-4E43-8839-B781FA96D5F3}"
EndProject
Project("{9A19103F-16F7-4668-BE54-9A1E7A4F7556}") = "SME.AE.Dominio", "src\SME.AE.Dominio\SME.AE.Dominio.csproj", "{1A8CDB70-5DF9-47E8-883F-7508C4CACDD8}"
EndProject
Project("{9A19103F-16F7-4668-BE54-9A1E7A4F7556}") = "SME.AE.Infra", "src\SME.AE.Infra\SME.AE.Infra.csproj", "{F044FF5F-6872-4E86-AFE8-C4AF01FA0B57}"
EndProject
Project("{2150E333-8FDC-42A3-9474-1A3956D46DE8}") = "teste", "teste", "{8085AAA6-608C-4641-9401-5AD2CFC3B0B0}"
EndProject
Project("{9A19103F-16F7-4668-BE54-9A1E7A4F7556}") = "SME.AE.Aplicacao", "src\SME.AE.Aplicacao\SME.AE.Aplicacao.csproj", "{AF2B4B83-16BD-4737-9E2F-EFB3936BE60A}"
EndProject
Project("{9A19103F-16F7-4668-BE54-9A1E7A4F7556}") = "SME.AE.Aplicacao.Teste", "teste\SME.AE.Aplicacao.Teste\SME.AE.Aplicacao.Teste.csproj", "{472FE83C-D5FB-4BDA-9C9F-439191866979}"
EndProject
Project("{2150E333-8FDC-42A3-9474-1A3956D46DE8}") = "poc", "poc", "{7FCC5C4B-CEBF-4629-97CD-954CA9370DD3}"
EndProject
Project("{9A19103F-16F7-4668-BE54-9A1E7A4F7556}") = "FCMTestes", "poc\FCMTestes\FCMTestes.csproj", "{565F692F-91B2-4512-8393-5D04B85E92AE}"
EndProject
Project("{9A19103F-16F7-4668-BE54-9A1E7A4F7556}") = "SME.AE.Dominio.Teste", "teste\SME.AE.Dominio.Teste\SME.AE.Dominio.Teste.csproj", "{3666BDEA-7E5C-48B0-94F4-38383B3E3564}"
EndProject
Project("{9A19103F-16F7-4668-BE54-9A1E7A4F7556}") = "SME.AE.Infra.Teste", "teste\SME.AE.Infra.Teste\SME.AE.Infra.Teste.csproj", "{4018C164-4571-47E6-9426-B846A3113CB8}"
EndProject
Project("{9A19103F-16F7-4668-BE54-9A1E7A4F7556}") = "SME.AE.Comum", "src\SME.AE.COMUM\SME.AE.Comum.csproj", "{CF35D21A-D2B4-4D2B-B03A-20DC0074B99D}"
EndProject
Project("{9A19103F-16F7-4668-BE54-9A1E7A4F7556}") = "SME.AE.Worker.Service", "src\SME.AE.Worker.Service\SME.AE.Worker.Service.csproj", "{FB022FB5-0446-41F8-A092-EDBE2CD2971F}"
EndProject
Project("{FAE04EC0-301F-11D3-BF4B-00C04F79EFBC}") = "SME.AE.Worker", "src\SME.AE.Worker\SME.AE.Worker.csproj", "{47071A8B-B707-4F1D-8436-4B438B5734BB}"
EndProject
Global
	GlobalSection(SolutionConfigurationPlatforms) = preSolution
		Debug|Any CPU = Debug|Any CPU
		Release|Any CPU = Release|Any CPU
	EndGlobalSection
	GlobalSection(ProjectConfigurationPlatforms) = postSolution
		{E58A2DDB-4456-4E43-8839-B781FA96D5F3}.Debug|Any CPU.ActiveCfg = Debug|Any CPU
		{E58A2DDB-4456-4E43-8839-B781FA96D5F3}.Debug|Any CPU.Build.0 = Debug|Any CPU
		{E58A2DDB-4456-4E43-8839-B781FA96D5F3}.Release|Any CPU.ActiveCfg = Release|Any CPU
		{E58A2DDB-4456-4E43-8839-B781FA96D5F3}.Release|Any CPU.Build.0 = Release|Any CPU
		{1A8CDB70-5DF9-47E8-883F-7508C4CACDD8}.Debug|Any CPU.ActiveCfg = Debug|Any CPU
		{1A8CDB70-5DF9-47E8-883F-7508C4CACDD8}.Debug|Any CPU.Build.0 = Debug|Any CPU
		{1A8CDB70-5DF9-47E8-883F-7508C4CACDD8}.Release|Any CPU.ActiveCfg = Release|Any CPU
		{1A8CDB70-5DF9-47E8-883F-7508C4CACDD8}.Release|Any CPU.Build.0 = Release|Any CPU
		{F044FF5F-6872-4E86-AFE8-C4AF01FA0B57}.Debug|Any CPU.ActiveCfg = Debug|Any CPU
		{F044FF5F-6872-4E86-AFE8-C4AF01FA0B57}.Debug|Any CPU.Build.0 = Debug|Any CPU
		{F044FF5F-6872-4E86-AFE8-C4AF01FA0B57}.Release|Any CPU.ActiveCfg = Release|Any CPU
		{F044FF5F-6872-4E86-AFE8-C4AF01FA0B57}.Release|Any CPU.Build.0 = Release|Any CPU
		{AF2B4B83-16BD-4737-9E2F-EFB3936BE60A}.Debug|Any CPU.ActiveCfg = Debug|Any CPU
		{AF2B4B83-16BD-4737-9E2F-EFB3936BE60A}.Debug|Any CPU.Build.0 = Debug|Any CPU
		{AF2B4B83-16BD-4737-9E2F-EFB3936BE60A}.Release|Any CPU.ActiveCfg = Release|Any CPU
		{AF2B4B83-16BD-4737-9E2F-EFB3936BE60A}.Release|Any CPU.Build.0 = Release|Any CPU
		{472FE83C-D5FB-4BDA-9C9F-439191866979}.Debug|Any CPU.ActiveCfg = Debug|Any CPU
		{472FE83C-D5FB-4BDA-9C9F-439191866979}.Debug|Any CPU.Build.0 = Debug|Any CPU
		{472FE83C-D5FB-4BDA-9C9F-439191866979}.Release|Any CPU.ActiveCfg = Release|Any CPU
		{472FE83C-D5FB-4BDA-9C9F-439191866979}.Release|Any CPU.Build.0 = Release|Any CPU
		{565F692F-91B2-4512-8393-5D04B85E92AE}.Debug|Any CPU.ActiveCfg = Debug|Any CPU
		{565F692F-91B2-4512-8393-5D04B85E92AE}.Debug|Any CPU.Build.0 = Debug|Any CPU
		{565F692F-91B2-4512-8393-5D04B85E92AE}.Release|Any CPU.ActiveCfg = Release|Any CPU
		{565F692F-91B2-4512-8393-5D04B85E92AE}.Release|Any CPU.Build.0 = Release|Any CPU
		{3666BDEA-7E5C-48B0-94F4-38383B3E3564}.Debug|Any CPU.ActiveCfg = Debug|Any CPU
		{3666BDEA-7E5C-48B0-94F4-38383B3E3564}.Debug|Any CPU.Build.0 = Debug|Any CPU
		{3666BDEA-7E5C-48B0-94F4-38383B3E3564}.Release|Any CPU.ActiveCfg = Release|Any CPU
		{3666BDEA-7E5C-48B0-94F4-38383B3E3564}.Release|Any CPU.Build.0 = Release|Any CPU
		{4018C164-4571-47E6-9426-B846A3113CB8}.Debug|Any CPU.ActiveCfg = Debug|Any CPU
		{4018C164-4571-47E6-9426-B846A3113CB8}.Debug|Any CPU.Build.0 = Debug|Any CPU
		{4018C164-4571-47E6-9426-B846A3113CB8}.Release|Any CPU.ActiveCfg = Release|Any CPU
		{4018C164-4571-47E6-9426-B846A3113CB8}.Release|Any CPU.Build.0 = Release|Any CPU
		{CF35D21A-D2B4-4D2B-B03A-20DC0074B99D}.Debug|Any CPU.ActiveCfg = Debug|Any CPU
		{CF35D21A-D2B4-4D2B-B03A-20DC0074B99D}.Debug|Any CPU.Build.0 = Debug|Any CPU
		{CF35D21A-D2B4-4D2B-B03A-20DC0074B99D}.Release|Any CPU.ActiveCfg = Release|Any CPU
		{CF35D21A-D2B4-4D2B-B03A-20DC0074B99D}.Release|Any CPU.Build.0 = Release|Any CPU
		{FB022FB5-0446-41F8-A092-EDBE2CD2971F}.Debug|Any CPU.ActiveCfg = Debug|Any CPU
		{FB022FB5-0446-41F8-A092-EDBE2CD2971F}.Debug|Any CPU.Build.0 = Debug|Any CPU
		{FB022FB5-0446-41F8-A092-EDBE2CD2971F}.Release|Any CPU.ActiveCfg = Release|Any CPU
		{FB022FB5-0446-41F8-A092-EDBE2CD2971F}.Release|Any CPU.Build.0 = Release|Any CPU
		{47071A8B-B707-4F1D-8436-4B438B5734BB}.Debug|Any CPU.ActiveCfg = Debug|Any CPU
		{47071A8B-B707-4F1D-8436-4B438B5734BB}.Debug|Any CPU.Build.0 = Debug|Any CPU
		{47071A8B-B707-4F1D-8436-4B438B5734BB}.Release|Any CPU.ActiveCfg = Release|Any CPU
		{47071A8B-B707-4F1D-8436-4B438B5734BB}.Release|Any CPU.Build.0 = Release|Any CPU
	EndGlobalSection
	GlobalSection(SolutionProperties) = preSolution
		HideSolutionNode = FALSE
	EndGlobalSection
	GlobalSection(NestedProjects) = preSolution
		{E58A2DDB-4456-4E43-8839-B781FA96D5F3} = {9CD31609-080F-48B8-A3E3-C03C66A8FB5C}
		{1A8CDB70-5DF9-47E8-883F-7508C4CACDD8} = {9CD31609-080F-48B8-A3E3-C03C66A8FB5C}
		{F044FF5F-6872-4E86-AFE8-C4AF01FA0B57} = {9CD31609-080F-48B8-A3E3-C03C66A8FB5C}
		{AF2B4B83-16BD-4737-9E2F-EFB3936BE60A} = {9CD31609-080F-48B8-A3E3-C03C66A8FB5C}
		{472FE83C-D5FB-4BDA-9C9F-439191866979} = {8085AAA6-608C-4641-9401-5AD2CFC3B0B0}
		{565F692F-91B2-4512-8393-5D04B85E92AE} = {7FCC5C4B-CEBF-4629-97CD-954CA9370DD3}
		{3666BDEA-7E5C-48B0-94F4-38383B3E3564} = {8085AAA6-608C-4641-9401-5AD2CFC3B0B0}
		{4018C164-4571-47E6-9426-B846A3113CB8} = {8085AAA6-608C-4641-9401-5AD2CFC3B0B0}
		{CF35D21A-D2B4-4D2B-B03A-20DC0074B99D} = {9CD31609-080F-48B8-A3E3-C03C66A8FB5C}
		{FB022FB5-0446-41F8-A092-EDBE2CD2971F} = {9CD31609-080F-48B8-A3E3-C03C66A8FB5C}
		{47071A8B-B707-4F1D-8436-4B438B5734BB} = {9CD31609-080F-48B8-A3E3-C03C66A8FB5C}
	EndGlobalSection
	GlobalSection(ExtensibilityGlobals) = postSolution
		SolutionGuid = {EC3FDA1E-C48F-4F57-B5A2-3674F65AB083}
	EndGlobalSection
EndGlobal
